
Microsoft Visual Studio Solution File, Format Version 12.00
# Visual Studio Version 17
VisualStudioVersion = 17.1.32228.430
MinimumVisualStudioVersion = 10.0.40219.1
Project("{FAE04EC0-301F-11D3-BF4B-00C04F79EFBC}") = "MisaGetDataCloud", "MisaGetDataCloud\MisaGetDataCloud.csproj", "{74969171-3323-466E-B0B5-7A67DAAAF537}"
EndProject
Global
	GlobalSection(SolutionConfigurationPlatforms) = preSolution
		Debug|Any CPU = Debug|Any CPU
		Release|Any CPU = Release|Any CPU
	EndGlobalSection
	GlobalSection(ProjectConfigurationPlatforms) = postSolution
		{74969171-3323-466E-B0B5-7A67DAAAF537}.Debug|Any CPU.ActiveCfg = Debug|Any CPU
		{74969171-3323-466E-B0B5-7A67DAAAF537}.Debug|Any CPU.Build.0 = Debug|Any CPU
		{74969171-3323-466E-B0B5-7A67DAAAF537}.Release|Any CPU.ActiveCfg = Release|Any CPU
		{74969171-3323-466E-B0B5-7A67DAAAF537}.Release|Any CPU.Build.0 = Release|Any CPU
	EndGlobalSection
	GlobalSection(SolutionProperties) = preSolution
		HideSolutionNode = FALSE
	EndGlobalSection
	GlobalSection(ExtensibilityGlobals) = postSolution
		SolutionGuid = {7D08DC69-7F9A-4AE7-9BAD-764225F4EC3D}
	EndGlobalSection
EndGlobal
